{
    "_readme": [
        "This file locks the dependencies of your project to a known state",
        "Read more about it at http://getcomposer.org/doc/01-basic-usage.md#composer-lock-the-lock-file",
        "This file is @generated automatically"
    ],
    "hash": "93cc134e03a6b9e32d48e33976e4b042",
    "packages": [
        {
            "name": "extrabux-php-sdk/extrabuxapi",
            "version": "dev-master",
            "source": {
                "type": "git",
                "url": "git@github.com:Extrabux/extrabux-php-sdk.git",
                "reference": "4f305d6a6afa713e070a2ea44db06e62d6d30064"
            },
            "require": {
                "guzzlehttp/command": "0.4.0",
                "guzzlehttp/guzzle": "~4",
                "guzzlehttp/guzzle-services": "0.3.0",
                "guzzlehttp/oauth-subscriber": "0.1.x",
                "php": ">=5.4.0"
            },
            "type": "library",
            "autoload": {
                "psr-4": {
                    "ExtrabuxApi\\": "ExtrabuxApi/"
                }
            },
            "description": "PHP client library to consume the Extrabux REST web services",
            "time": "2014-12-23 23:51:18"
        },
        {
            "name": "guzzlehttp/command",
            "version": "0.4.0",
            "source": {
                "type": "git",
                "url": "https://github.com/guzzle/command.git",
                "reference": "a06e799bca01ebddf46757e678ede6cf17147f9e"
            },
            "dist": {
                "type": "zip",
                "url": "https://api.github.com/repos/guzzle/command/zipball/a06e799bca01ebddf46757e678ede6cf17147f9e",
                "reference": "a06e799bca01ebddf46757e678ede6cf17147f9e",
                "shasum": ""
            },
            "require": {
                "guzzlehttp/guzzle": "~4.0",
                "php": ">=5.4.0"
            },
            "require-dev": {
                "phpunit/phpunit": "~4.0"
            },
            "type": "library",
            "autoload": {
                "psr-4": {
                    "GuzzleHttp\\Command\\": "src/"
                }
            },
            "notification-url": "https://packagist.org/downloads/",
            "license": [
                "MIT"
            ],
            "authors": [
                {
                    "name": "Michael Dowling",
                    "email": "mtdowling@gmail.com",
                    "homepage": "https://github.com/mtdowling"
                }
            ],
            "description": "Provides the foundation for building command based web service clients",
            "time": "2014-04-30 03:48:46"
        },
        {
            "name": "guzzlehttp/guzzle",
            "version": "4.2.3",
            "source": {
                "type": "git",
                "url": "https://github.com/guzzle/guzzle.git",
                "reference": "66fd916e9f9130bc22c51450476823391cb2f67c"
            },
            "dist": {
                "type": "zip",
                "url": "https://api.github.com/repos/guzzle/guzzle/zipball/66fd916e9f9130bc22c51450476823391cb2f67c",
                "reference": "66fd916e9f9130bc22c51450476823391cb2f67c",
                "shasum": ""
            },
            "require": {
                "ext-json": "*",
                "guzzlehttp/streams": "~2.1",
                "php": ">=5.4.0"
            },
            "require-dev": {
                "ext-curl": "*",
                "phpunit/phpunit": "~4.0",
                "psr/log": "~1.0"
            },
            "suggest": {
                "ext-curl": "Guzzle will use specific adapters if cURL is present"
            },
            "type": "library",
            "extra": {
                "branch-alias": {
                    "dev-master": "4.2-dev"
                }
            },
            "autoload": {
                "psr-4": {
                    "GuzzleHttp\\": "src/"
                },
                "files": [
                    "src/functions.php"
                ]
            },
            "notification-url": "https://packagist.org/downloads/",
            "license": [
                "MIT"
            ],
            "authors": [
                {
                    "name": "Michael Dowling",
                    "email": "mtdowling@gmail.com",
                    "homepage": "https://github.com/mtdowling"
                }
            ],
            "description": "Guzzle is a PHP HTTP client library and framework for building RESTful web service clients",
            "homepage": "http://guzzlephp.org/",
            "keywords": [
                "client",
                "curl",
                "framework",
                "http",
                "http client",
                "rest",
                "web service"
            ],
            "time": "2014-10-05 19:29:14"
        },
        {
            "name": "guzzlehttp/guzzle-services",
            "version": "0.3.0",
            "source": {
                "type": "git",
                "url": "https://github.com/guzzle/guzzle-services.git",
                "reference": "689dfa73b65e2c0a74184a5fb8c5a6ef0b160911"
            },
            "dist": {
                "type": "zip",
                "url": "https://api.github.com/repos/guzzle/guzzle-services/zipball/689dfa73b65e2c0a74184a5fb8c5a6ef0b160911",
                "reference": "689dfa73b65e2c0a74184a5fb8c5a6ef0b160911",
                "shasum": ""
            },
            "require": {
                "guzzlehttp/command": "~0.2",
                "php": ">=5.4.0"
            },
            "require-dev": {
                "phpunit/phpunit": "~4.0"
            },
            "type": "library",
            "autoload": {
                "psr-4": {
                    "GuzzleHttp\\Command\\Guzzle\\": "src/"
                }
            },
            "notification-url": "https://packagist.org/downloads/",
            "license": [
                "MIT"
            ],
            "authors": [
                {
                    "name": "Michael Dowling",
                    "email": "mtdowling@gmail.com",
                    "homepage": "https://github.com/mtdowling"
                }
            ],
            "description": "Provides an implementation of the Guzzle Command library that uses Guzzle service descriptions to describe web services, serialize requests, and parse responses into easy to use model structures.",
            "time": "2014-06-01 20:00:25"
        },
        {
            "name": "guzzlehttp/oauth-subscriber",
            "version": "0.1.2",
            "source": {
                "type": "git",
                "url": "https://github.com/guzzle/oauth-subscriber.git",
                "reference": "f5e857b5ab34279611c171111c40000435299698"
            },
            "dist": {
                "type": "zip",
                "url": "https://api.github.com/repos/guzzle/oauth-subscriber/zipball/f5e857b5ab34279611c171111c40000435299698",
                "reference": "f5e857b5ab34279611c171111c40000435299698",
                "shasum": ""
            },
            "require": {
                "guzzlehttp/guzzle": "~4.0",
                "php": ">=5.4.0"
            },
            "require-dev": {
                "phpunit/phpunit": "~4.0"
            },
            "type": "library",
            "autoload": {
                "psr-4": {
                    "GuzzleHttp\\Subscriber\\Oauth\\": "src"
                }
            },
            "notification-url": "https://packagist.org/downloads/",
            "license": [
                "MIT"
            ],
            "authors": [
                {
                    "name": "Michael Dowling",
                    "email": "mtdowling@gmail.com",
                    "homepage": "https://github.com/mtdowling"
                }
            ],
            "description": "Guzzle OAuth 1.0 subscriber",
            "homepage": "http://guzzlephp.org/",
            "keywords": [
                "Guzzle",
                "oauth"
            ],
            "time": "2014-05-20 00:04:02"
        },
        {
            "name": "guzzlehttp/streams",
            "version": "2.1.0",
            "source": {
                "type": "git",
                "url": "https://github.com/guzzle/streams.git",
                "reference": "f91b721d73f0e561410903b3b3c90a5d0e40b534"
            },
            "dist": {
                "type": "zip",
                "url": "https://api.github.com/repos/guzzle/streams/zipball/f91b721d73f0e561410903b3b3c90a5d0e40b534",
                "reference": "f91b721d73f0e561410903b3b3c90a5d0e40b534",
                "shasum": ""
            },
            "require": {
                "php": ">=5.4.0"
            },
            "require-dev": {
                "phpunit/phpunit": "~4.0"
            },
            "type": "library",
            "extra": {
                "branch-alias": {
                    "dev-master": "2.0-dev"
                }
            },
            "autoload": {
                "psr-4": {
                    "GuzzleHttp\\Stream\\": "src/"
                },
                "files": [
                    "src/functions.php"
                ]
            },
            "notification-url": "https://packagist.org/downloads/",
            "license": [
                "MIT"
            ],
            "authors": [
                {
                    "name": "Michael Dowling",
                    "email": "mtdowling@gmail.com",
                    "homepage": "https://github.com/mtdowling"
                }
            ],
            "description": "Provides a simple abstraction over streams of data (Guzzle 4+)",
            "homepage": "http://guzzlephp.org/",
            "keywords": [
                "Guzzle",
                "stream"
            ],
            "time": "2014-08-17 21:15:53"
        }
    ],
    "packages-dev": [],
    "aliases": [],
    "minimum-stability": "stable",
    "stability-flags": {
        "extrabux-php-sdk/extrabuxapi": 20
    },
    "prefer-stable": false,
    "prefer-lowest": false,
    "platform": [],
    "platform-dev": []
}
